
Microsoft Visual Studio Solution File, Format Version 12.00
# Visual Studio Version 16
VisualStudioVersion = 16.0.31702.278
MinimumVisualStudioVersion = 10.0.40219.1
Project("{FAE04EC0-301F-11D3-BF4B-00C04F79EFBC}") = "TextParsingServer", "TextParsingServer\TextParsingServer.csproj", "{3BBD09F8-8D82-4F75-9185-1A03BA374B47}"
EndProject
Project("{FAE04EC0-301F-11D3-BF4B-00C04F79EFBC}") = "TextParsingClient", "TextParsingClient\TextParsingClient.csproj", "{B6A00B81-B477-4D0A-B893-F5AD74641A90}"
EndProject
Global
	GlobalSection(SolutionConfigurationPlatforms) = preSolution
		Debug|Any CPU = Debug|Any CPU
		Release|Any CPU = Release|Any CPU
	EndGlobalSection
	GlobalSection(ProjectConfigurationPlatforms) = postSolution
		{3BBD09F8-8D82-4F75-9185-1A03BA374B47}.Debug|Any CPU.ActiveCfg = Debug|Any CPU
		{3BBD09F8-8D82-4F75-9185-1A03BA374B47}.Debug|Any CPU.Build.0 = Debug|Any CPU
		{3BBD09F8-8D82-4F75-9185-1A03BA374B47}.Release|Any CPU.ActiveCfg = Release|Any CPU
		{3BBD09F8-8D82-4F75-9185-1A03BA374B47}.Release|Any CPU.Build.0 = Release|Any CPU
		{B6A00B81-B477-4D0A-B893-F5AD74641A90}.Debug|Any CPU.ActiveCfg = Debug|Any CPU
		{B6A00B81-B477-4D0A-B893-F5AD74641A90}.Debug|Any CPU.Build.0 = Debug|Any CPU
		{B6A00B81-B477-4D0A-B893-F5AD74641A90}.Release|Any CPU.ActiveCfg = Release|Any CPU
		{B6A00B81-B477-4D0A-B893-F5AD74641A90}.Release|Any CPU.Build.0 = Release|Any CPU
	EndGlobalSection
	GlobalSection(SolutionProperties) = preSolution
		HideSolutionNode = FALSE
	EndGlobalSection
	GlobalSection(ExtensibilityGlobals) = postSolution
		SolutionGuid = {DA0E0799-F4A1-4CCC-9BAC-439EF84AF53C}
	EndGlobalSection
EndGlobal
